
Microsoft Visual Studio Solution File, Format Version 12.00
# Visual Studio Version 16
VisualStudioVersion = 16.0.29519.87
MinimumVisualStudioVersion = 10.0.40219.1
Project("{FAE04EC0-301F-11D3-BF4B-00C04F79EFBC}") = "9", "9\9.csproj", "{7DC63A16-0192-491E-8593-2419342DC1FD}"
EndProject
Global
	GlobalSection(SolutionConfigurationPlatforms) = preSolution
		Debug|Any CPU = Debug|Any CPU
		Release|Any CPU = Release|Any CPU
	EndGlobalSection
	GlobalSection(ProjectConfigurationPlatforms) = postSolution
		{7DC63A16-0192-491E-8593-2419342DC1FD}.Debug|Any CPU.ActiveCfg = Debug|Any CPU
		{7DC63A16-0192-491E-8593-2419342DC1FD}.Debug|Any CPU.Build.0 = Debug|Any CPU
		{7DC63A16-0192-491E-8593-2419342DC1FD}.Release|Any CPU.ActiveCfg = Release|Any CPU
		{7DC63A16-0192-491E-8593-2419342DC1FD}.Release|Any CPU.Build.0 = Release|Any CPU
	EndGlobalSection
	GlobalSection(SolutionProperties) = preSolution
		HideSolutionNode = FALSE
	EndGlobalSection
	GlobalSection(ExtensibilityGlobals) = postSolution
		SolutionGuid = {C6D92C39-7C12-4550-8075-9D20F706D88A}
	EndGlobalSection
EndGlobal
