
Microsoft Visual Studio Solution File, Format Version 12.00
# Visual Studio Version 16
VisualStudioVersion = 16.0.29519.87
MinimumVisualStudioVersion = 10.0.40219.1
Project("{FAE04EC0-301F-11D3-BF4B-00C04F79EFBC}") = "7", "7\7.csproj", "{1F27422B-EDB4-4E82-82CA-CD0ED8AE28FB}"
EndProject
Global
	GlobalSection(SolutionConfigurationPlatforms) = preSolution
		Debug|Any CPU = Debug|Any CPU
		Release|Any CPU = Release|Any CPU
	EndGlobalSection
	GlobalSection(ProjectConfigurationPlatforms) = postSolution
		{1F27422B-EDB4-4E82-82CA-CD0ED8AE28FB}.Debug|Any CPU.ActiveCfg = Debug|Any CPU
		{1F27422B-EDB4-4E82-82CA-CD0ED8AE28FB}.Debug|Any CPU.Build.0 = Debug|Any CPU
		{1F27422B-EDB4-4E82-82CA-CD0ED8AE28FB}.Release|Any CPU.ActiveCfg = Release|Any CPU
		{1F27422B-EDB4-4E82-82CA-CD0ED8AE28FB}.Release|Any CPU.Build.0 = Release|Any CPU
	EndGlobalSection
	GlobalSection(SolutionProperties) = preSolution
		HideSolutionNode = FALSE
	EndGlobalSection
	GlobalSection(ExtensibilityGlobals) = postSolution
		SolutionGuid = {576BB641-D74D-4C80-B3D9-7B764121FF68}
	EndGlobalSection
EndGlobal
